{
  "name": "@senoldogann/context-manager",
  "version": "0.3.10",
  "lockfileVersion": 3,
  "requires": true,
  "packages": {
    "": {
      "name": "@senoldogann/context-manager",
      "version": "0.3.10",
      "license": "MIT",
      "bin": {
        "ccm-cli": "bin/ccm.js",
        "ccm-mcp": "bin/ccm.js"
      },
      "engines": {
        "node": ">=16.0.0"
      }
    }
  }
}
